
Microsoft Visual Studio Solution File, Format Version 12.00
# Visual Studio 15
VisualStudioVersion = 15.0.28307.106
MinimumVisualStudioVersion = 10.0.40219.1
Project("{FAE04EC0-301F-11D3-BF4B-00C04F79EFBC}") = "DevChef", "DevChef\DevChef.csproj", "{89105ABC-0529-4B8D-A691-5F558D8A9C0A}"
EndProject
Global
	GlobalSection(SolutionConfigurationPlatforms) = preSolution
		Debug|Any CPU = Debug|Any CPU
		Release|Any CPU = Release|Any CPU
	EndGlobalSection
	GlobalSection(ProjectConfigurationPlatforms) = postSolution
		{89105ABC-0529-4B8D-A691-5F558D8A9C0A}.Debug|Any CPU.ActiveCfg = Debug|Any CPU
		{89105ABC-0529-4B8D-A691-5F558D8A9C0A}.Debug|Any CPU.Build.0 = Debug|Any CPU
		{89105ABC-0529-4B8D-A691-5F558D8A9C0A}.Release|Any CPU.ActiveCfg = Release|Any CPU
		{89105ABC-0529-4B8D-A691-5F558D8A9C0A}.Release|Any CPU.Build.0 = Release|Any CPU
	EndGlobalSection
	GlobalSection(SolutionProperties) = preSolution
		HideSolutionNode = FALSE
	EndGlobalSection
	GlobalSection(ExtensibilityGlobals) = postSolution
		SolutionGuid = {AB51E74F-B135-4FEA-B4C2-EC4D1D19551D}
	EndGlobalSection
EndGlobal
